{
  "name": "serviceworker",
  "version": "1.0.0",
  "lockfileVersion": 1,
  "requires": true,
  "dependencies": {
    "@types/dom-mediacapture-record": {
      "version": "1.0.3",
      "resolved": "https://registry.npmjs.org/@types/dom-mediacapture-record/-/dom-mediacapture-record-1.0.3.tgz",
      "integrity": "sha512-mhm2/YFH+oS+aTqLVdoj1CI1BBQy2CiZmpASRa3WMXi4O69IKjOZ3jBvw6o51UTA1qNM6P+Bl4Mx3Q0JI9uVOA==",
      "dev": true
    },
    "almond": {
      "version": "0.3.3",
      "resolved": "https://registry.npmjs.org/almond/-/almond-0.3.3.tgz",
      "integrity": "sha1-oOfJWsdiTWQXtElLHmi/9pMWiiA="
    },
    "typescript": {
      "version": "3.9.0-dev.20200212",
      "resolved": "https://registry.npmjs.org/typescript/-/typescript-3.9.0-dev.20200212.tgz",
      "integrity": "sha512-UA7YMLa1iJC/ctwollqE8liUzWjb7rZiJpbyz4LsfDmQ1D+0RZJufSBnH3g+jFE28Jh47JQsBqXBtyWPNCM5sQ==",
      "dev": true
    }
  }
}
