{
  "name": "serviceworker",
  "version": "1.0.0",
  "lockfileVersion": 1,
  "requires": true,
  "dependencies": {
    "almond": {
      "version": "0.3.3",
      "resolved": "https://registry.npmjs.org/almond/-/almond-0.3.3.tgz",
      "integrity": "sha1-oOfJWsdiTWQXtElLHmi/9pMWiiA="
    },
    "typescript": {
      "version": "3.9.0-dev.20200212",
      "resolved": "https://registry.npmjs.org/typescript/-/typescript-3.9.0-dev.20200212.tgz",
      "integrity": "sha512-UA7YMLa1iJC/ctwollqE8liUzWjb7rZiJpbyz4LsfDmQ1D+0RZJufSBnH3g+jFE28Jh47JQsBqXBtyWPNCM5sQ==",
      "dev": true
    }
  }
}
